
Microsoft Visual Studio Solution File, Format Version 12.00
# Visual Studio Version 17
VisualStudioVersion = 17.9.34622.214
MinimumVisualStudioVersion = 10.0.40219.1
Project("{9A19103F-16F7-4668-BE54-9A1E7A4F7556}") = "Assignment 2", "Assignment 2.csproj", "{2BE83296-EE44-46DB-A81D-CEEE8F45675A}"
EndProject
Global
	GlobalSection(SolutionConfigurationPlatforms) = preSolution
		Debug|Any CPU = Debug|Any CPU
		Release|Any CPU = Release|Any CPU
	EndGlobalSection
	GlobalSection(ProjectConfigurationPlatforms) = postSolution
		{2BE83296-EE44-46DB-A81D-CEEE8F45675A}.Debug|Any CPU.ActiveCfg = Debug|Any CPU
		{2BE83296-EE44-46DB-A81D-CEEE8F45675A}.Debug|Any CPU.Build.0 = Debug|Any CPU
		{2BE83296-EE44-46DB-A81D-CEEE8F45675A}.Release|Any CPU.ActiveCfg = Release|Any CPU
		{2BE83296-EE44-46DB-A81D-CEEE8F45675A}.Release|Any CPU.Build.0 = Release|Any CPU
	EndGlobalSection
	GlobalSection(SolutionProperties) = preSolution
		HideSolutionNode = FALSE
	EndGlobalSection
	GlobalSection(ExtensibilityGlobals) = postSolution
		SolutionGuid = {18FDCD87-5731-4EAD-9B00-78D0F7176D14}
	EndGlobalSection
EndGlobal
